
Microsoft Visual Studio Solution File, Format Version 12.00
# Visual Studio Version 17
VisualStudioVersion = 17.2.32505.173
MinimumVisualStudioVersion = 10.0.40219.1
Project("{9A19103F-16F7-4668-BE54-9A1E7A4F7556}") = "D6UWHX_HFT_2021221.Client", "D6UWHX_HFT_2021221.Client\D6UWHX_HFT_2021221.Client.csproj", "{711AF5AF-116A-4D0B-9D79-DB5F41F9844C}"
EndProject
Project("{9A19103F-16F7-4668-BE54-9A1E7A4F7556}") = "D6UWHX_HFT_2021221.Models", "D6UWHX_HFT_2021221.Models\D6UWHX_HFT_2021221.Models.csproj", "{518784A0-B2B1-4DAB-A557-58BCF7EFEFE2}"
EndProject
Project("{9A19103F-16F7-4668-BE54-9A1E7A4F7556}") = "D6UWHX_HFT_2021221.Data", "D6UWHX_HFT_2021221.Data\D6UWHX_HFT_2021221.Data.csproj", "{43234968-D225-474B-A867-7A71C8A40E5D}"
EndProject
Project("{9A19103F-16F7-4668-BE54-9A1E7A4F7556}") = "D6UWHX_HFT_2021221.Logic", "D6UWHX_HFT_2021221.Logic\D6UWHX_HFT_2021221.Logic.csproj", "{B74315BC-3000-4B57-9742-9690E6DCA3E9}"
EndProject
Project("{9A19103F-16F7-4668-BE54-9A1E7A4F7556}") = "D6UWHX_HFT_2021221.Repository", "D6UWHX_HFT_2021221.Repository\D6UWHX_HFT_2021221.Repository.csproj", "{B4E24F26-63A3-48FB-BEAB-368D5FD38E6A}"
EndProject
Project("{2150E333-8FDC-42A3-9474-1A3956D46DE8}") = "Backend", "Backend", "{55080DE6-70F1-4DA2-ADED-18A6D155E456}"
EndProject
Project("{2150E333-8FDC-42A3-9474-1A3956D46DE8}") = "Frontend", "Frontend", "{0B712A96-2F37-419D-BD96-8C7ACA98D12B}"
EndProject
Project("{2150E333-8FDC-42A3-9474-1A3956D46DE8}") = "Shared", "Shared", "{53DD6F2C-4427-4807-8E30-7AD2BE3F7757}"
EndProject
Project("{9A19103F-16F7-4668-BE54-9A1E7A4F7556}") = "D6UWHX_HFT_2021221.Wpf", "D6UWHX_HFT_2021221.Wpf\D6UWHX_HFT_2021221.Wpf.csproj", "{4E68A88A-4CEE-4444-A619-DDD0667662E2}"
EndProject
Project("{FAE04EC0-301F-11D3-BF4B-00C04F79EFBC}") = "D6UWHX_HFT_2021221.JsClient", "D6UWHX_HFT_2021221.JsClient\D6UWHX_HFT_2021221.JsClient.csproj", "{B3669431-7A60-4506-AA07-760234C24DE7}"
EndProject
Project("{FAE04EC0-301F-11D3-BF4B-00C04F79EFBC}") = "D6UWHX_HFT_2021221.EndPoint", "D6UWHX_HFT_2021221.EndPoint\D6UWHX_HFT_2021221.EndPoint.csproj", "{A19AD9A1-1EF8-422C-BBF5-92E8229BE006}"
EndProject
Global
	GlobalSection(SolutionConfigurationPlatforms) = preSolution
		Debug|Any CPU = Debug|Any CPU
		Release|Any CPU = Release|Any CPU
	EndGlobalSection
	GlobalSection(ProjectConfigurationPlatforms) = postSolution
		{711AF5AF-116A-4D0B-9D79-DB5F41F9844C}.Debug|Any CPU.ActiveCfg = Debug|Any CPU
		{711AF5AF-116A-4D0B-9D79-DB5F41F9844C}.Debug|Any CPU.Build.0 = Debug|Any CPU
		{711AF5AF-116A-4D0B-9D79-DB5F41F9844C}.Release|Any CPU.ActiveCfg = Release|Any CPU
		{711AF5AF-116A-4D0B-9D79-DB5F41F9844C}.Release|Any CPU.Build.0 = Release|Any CPU
		{518784A0-B2B1-4DAB-A557-58BCF7EFEFE2}.Debug|Any CPU.ActiveCfg = Debug|Any CPU
		{518784A0-B2B1-4DAB-A557-58BCF7EFEFE2}.Debug|Any CPU.Build.0 = Debug|Any CPU
		{518784A0-B2B1-4DAB-A557-58BCF7EFEFE2}.Release|Any CPU.ActiveCfg = Release|Any CPU
		{518784A0-B2B1-4DAB-A557-58BCF7EFEFE2}.Release|Any CPU.Build.0 = Release|Any CPU
		{43234968-D225-474B-A867-7A71C8A40E5D}.Debug|Any CPU.ActiveCfg = Debug|Any CPU
		{43234968-D225-474B-A867-7A71C8A40E5D}.Debug|Any CPU.Build.0 = Debug|Any CPU
		{43234968-D225-474B-A867-7A71C8A40E5D}.Release|Any CPU.ActiveCfg = Release|Any CPU
		{43234968-D225-474B-A867-7A71C8A40E5D}.Release|Any CPU.Build.0 = Release|Any CPU
		{B74315BC-3000-4B57-9742-9690E6DCA3E9}.Debug|Any CPU.ActiveCfg = Debug|Any CPU
		{B74315BC-3000-4B57-9742-9690E6DCA3E9}.Debug|Any CPU.Build.0 = Debug|Any CPU
		{B74315BC-3000-4B57-9742-9690E6DCA3E9}.Release|Any CPU.ActiveCfg = Release|Any CPU
		{B74315BC-3000-4B57-9742-9690E6DCA3E9}.Release|Any CPU.Build.0 = Release|Any CPU
		{B4E24F26-63A3-48FB-BEAB-368D5FD38E6A}.Debug|Any CPU.ActiveCfg = Debug|Any CPU
		{B4E24F26-63A3-48FB-BEAB-368D5FD38E6A}.Debug|Any CPU.Build.0 = Debug|Any CPU
		{B4E24F26-63A3-48FB-BEAB-368D5FD38E6A}.Release|Any CPU.ActiveCfg = Release|Any CPU
		{B4E24F26-63A3-48FB-BEAB-368D5FD38E6A}.Release|Any CPU.Build.0 = Release|Any CPU
		{4E68A88A-4CEE-4444-A619-DDD0667662E2}.Debug|Any CPU.ActiveCfg = Debug|Any CPU
		{4E68A88A-4CEE-4444-A619-DDD0667662E2}.Debug|Any CPU.Build.0 = Debug|Any CPU
		{4E68A88A-4CEE-4444-A619-DDD0667662E2}.Release|Any CPU.ActiveCfg = Release|Any CPU
		{4E68A88A-4CEE-4444-A619-DDD0667662E2}.Release|Any CPU.Build.0 = Release|Any CPU
		{B3669431-7A60-4506-AA07-760234C24DE7}.Debug|Any CPU.ActiveCfg = Debug|Any CPU
		{B3669431-7A60-4506-AA07-760234C24DE7}.Debug|Any CPU.Build.0 = Debug|Any CPU
		{B3669431-7A60-4506-AA07-760234C24DE7}.Release|Any CPU.ActiveCfg = Release|Any CPU
		{B3669431-7A60-4506-AA07-760234C24DE7}.Release|Any CPU.Build.0 = Release|Any CPU
		{A19AD9A1-1EF8-422C-BBF5-92E8229BE006}.Debug|Any CPU.ActiveCfg = Debug|Any CPU
		{A19AD9A1-1EF8-422C-BBF5-92E8229BE006}.Debug|Any CPU.Build.0 = Debug|Any CPU
		{A19AD9A1-1EF8-422C-BBF5-92E8229BE006}.Release|Any CPU.ActiveCfg = Release|Any CPU
		{A19AD9A1-1EF8-422C-BBF5-92E8229BE006}.Release|Any CPU.Build.0 = Release|Any CPU
	EndGlobalSection
	GlobalSection(SolutionProperties) = preSolution
		HideSolutionNode = FALSE
	EndGlobalSection
	GlobalSection(NestedProjects) = preSolution
		{711AF5AF-116A-4D0B-9D79-DB5F41F9844C} = {0B712A96-2F37-419D-BD96-8C7ACA98D12B}
		{518784A0-B2B1-4DAB-A557-58BCF7EFEFE2} = {53DD6F2C-4427-4807-8E30-7AD2BE3F7757}
		{43234968-D225-474B-A867-7A71C8A40E5D} = {55080DE6-70F1-4DA2-ADED-18A6D155E456}
		{B74315BC-3000-4B57-9742-9690E6DCA3E9} = {55080DE6-70F1-4DA2-ADED-18A6D155E456}
		{B4E24F26-63A3-48FB-BEAB-368D5FD38E6A} = {55080DE6-70F1-4DA2-ADED-18A6D155E456}
		{4E68A88A-4CEE-4444-A619-DDD0667662E2} = {0B712A96-2F37-419D-BD96-8C7ACA98D12B}
		{B3669431-7A60-4506-AA07-760234C24DE7} = {0B712A96-2F37-419D-BD96-8C7ACA98D12B}
		{A19AD9A1-1EF8-422C-BBF5-92E8229BE006} = {55080DE6-70F1-4DA2-ADED-18A6D155E456}
	EndGlobalSection
	GlobalSection(ExtensibilityGlobals) = postSolution
		SolutionGuid = {C0C90A27-7605-4DA5-9AE7-F3BAD80C3CC0}
	EndGlobalSection
EndGlobal
